{
  "version": 4,
  "terraform_version": "0.12.18",
  "serial": 153,
  "lineage": "xxxxxx-xxxx-xxx-xxxx-xxxxxx",
  "outputs": {
    "test_output": {
      "value": "test",
      "type": "string"
    }
  },
  "resources": [
    {
      "module": "module.test",
      "mode": "data",
      "type": "aws_caller_identity",
      "name": "current_user",
      "provider": "provider.aws",
      "instances": [
        {
          "schema_version": 0,
          "attributes": {
            "account_id": "123456789011",
            "arn": "arn:aws:sts::123456789011:assumed-role/test/test_user_email",
            "id": "2020-02-20 22:10:40.720934 +0000 UTC",
            "user_id": "XXXXXXXXXXXXX:test_user_email"
          }
        }
      ]
    },
    {
      "module": "module.test",
      "mode": "data",
      "type": "aws_iam_policy_document",
      "name": "cloudwatch_log",
      "provider": "provider.aws",
      "instances": [
        {
          "schema_version": 0,
          "attributes": {
            "id": "2551246987",
            "json": "{\n  \"Version\": \"2012-10-17\",\n  \"Statement\": [\n    {\n      \"Sid\": \"AWSCloudTrailPushLogs\",\n      \"Effect\": \"Allow\",\n      \"Action\": [\n        \"logs:PutLogEvents\",\n        \"logs:CreateLogStream\"\n      ],\n      \"Resource\": \"arn:aws:logs:eu-west-1:123456789011:log-group:123456789011-eu-west-1/CloudtrailLogGroup:*:*\"\n    }\n  ]\n}",
            "override_json": null,
            "policy_id": null,
            "source_json": null,
            "statement": [
              {
                "actions": [
                  "logs:CreateLogStream",
                  "logs:PutLogEvents"
                ],
                "condition": [],
                "effect": "Allow",
                "not_actions": [],
                "not_principals": [],
                "not_resources": [],
                "principals": [],
                "resources": [
                  "arn:aws:logs:eu-west-1:123456789011:log-group:123456789011-eu-west-1/CloudtrailLogGroup:*:*"
                ],
                "sid": "AWSCloudTrailPushLogs"
              }
            ],
            "version": "2012-10-17"
          }
        }
      ]
    },
    {
      "module": "module.test",
      "mode": "managed",
      "type": "aws_cloudtrail",
      "name": "trail",
      "provider": "provider.aws",
      "instances": [
        {
          "schema_version": 0,
          "attributes": {
            "arn": "arn:aws:cloudtrail:eu-west-1:123456789011:trail/test_main_trail",
            "cloud_watch_logs_group_arn": "arn:aws:logs:eu-west-1:123456789011:log-group:123456789011-eu-west-1/CloudtrailLogGroup:*",
            "cloud_watch_logs_role_arn": "arn:aws:iam::123456789011:role/cloudtrail/123456789011-eu-west-1-CloudtrailLogsRole",
            "enable_log_file_validation": true,
            "enable_logging": true,
            "event_selector": [],
            "home_region": "eu-west-1",
            "id": "test_main_trail",
            "include_global_service_events": true,
            "is_multi_region_trail": true,
            "is_organization_trail": true,
            "kms_key_id": "",
            "name": "test_main_trail",
            "s3_bucket_name": "123456789011-eu-west-1-cloudtrail",
            "s3_key_prefix": "",
            "sns_topic_name": "",
            "tags": {}
          },
          "private": "bnVsbA==",
          "dependencies": [
            "module.test.aws_iam_policy_document.cloudwatch_log"
          ]
        }
      ]
    },
    {
      "mode": "managed",
      "type": "aws_dynamodb_table",
      "name": "dynamodb-terraform-state-lock",
      "provider": "provider.aws",
      "instances": [
        {
          "schema_version": 1,
          "attributes": {
            "arn": "arn:aws:dynamodb:eu-west-1:123456789011:table/terraform-state-lock-dynamo",
            "attribute": [
              {
                "name": "LockID",
                "type": "S"
              }
            ],
            "billing_mode": "PROVISIONED",
            "global_secondary_index": [],
            "hash_key": "LockID",
            "id": "terraform-state-lock-dynamo",
            "local_secondary_index": [],
            "name": "terraform-state-lock-dynamo",
            "point_in_time_recovery": [
              {
                "enabled": false
              }
            ],
            "range_key": null,
            "read_capacity": 1,
            "server_side_encryption": [],
            "stream_arn": "",
            "stream_enabled": false,
            "stream_label": "",
            "stream_view_type": "",
            "tags": {
              "Name": "DynamoDB Terraform State Lock Table"
            },
            "timeouts": {
              "create": null,
              "delete": null,
              "update": null
            },
            "ttl": [
              {
                "attribute_name": "",
                "enabled": false
              }
            ],
            "write_capacity": 1
          }
        }
      ]
    }
  ]
}
